
Microsoft Visual Studio Solution File, Format Version 12.00
# Visual Studio Version 16
VisualStudioVersion = 25.0.1704.0
MinimumVisualStudioVersion = 10.0.40219.1
Project("{FAE04EC0-301F-11D3-BF4B-00C04F79EFBC}") = "NuTrader", "NuTrader\NuTrader.csproj", "{BBD77933-8FBC-4C4F-9E6D-38CEA2EFE5C1}"
EndProject
Global
	GlobalSection(SolutionConfigurationPlatforms) = preSolution
		Debug|Any CPU = Debug|Any CPU
		Release|Any CPU = Release|Any CPU
	EndGlobalSection
	GlobalSection(ProjectConfigurationPlatforms) = postSolution
		{BBD77933-8FBC-4C4F-9E6D-38CEA2EFE5C1}.Debug|Any CPU.ActiveCfg = Debug|Any CPU
		{BBD77933-8FBC-4C4F-9E6D-38CEA2EFE5C1}.Debug|Any CPU.Build.0 = Debug|Any CPU
		{BBD77933-8FBC-4C4F-9E6D-38CEA2EFE5C1}.Release|Any CPU.ActiveCfg = Release|Any CPU
		{BBD77933-8FBC-4C4F-9E6D-38CEA2EFE5C1}.Release|Any CPU.Build.0 = Release|Any CPU
	EndGlobalSection
	GlobalSection(SolutionProperties) = preSolution
		HideSolutionNode = FALSE
	EndGlobalSection
	GlobalSection(ExtensibilityGlobals) = postSolution
		SolutionGuid = {FB3B4954-E416-4956-9882-2869FFBABD38}
	EndGlobalSection
EndGlobal
